// !$*UTF8*$!
{
	archiveVersion = 1;
	classes = {
	};
	objectVersion = 46;
	objects = {

/* Begin PBXBuildFile section */
		01101C891CCE42680095076F /* DetailViewController.swift in Sources */ = {isa = PBXBuildFile; fileRef = 01101C881CCE42680095076F /* DetailViewController.swift */; };
		01101C8B1CD0CC390095076F /* NoiseDefaultView.xib in Resources */ = {isa = PBXBuildFile; fileRef = 01101C8A1CD0CC390095076F /* NoiseDefaultView.xib */; };
		01CCBE1D1CC8F53100B10BBA /* NoiseDefaultBluredView.xib in Resources */ = {isa = PBXBuildFile; fileRef = 01CCBE1C1CC8F53100B10BBA /* NoiseDefaultBluredView.xib */; };
		01CCBE201CCA205500B10BBA /* Noise.swift in Sources */ = {isa = PBXBuildFile; fileRef = 01CCBE1F1CCA205500B10BBA /* Noise.swift */; };
		01D0669D1CC63347001863DA /* AppDelegate.swift in Sources */ = {isa = PBXBuildFile; fileRef = 01D0669C1CC63347001863DA /* AppDelegate.swift */; };
		01D0669F1CC63347001863DA /* MainViewController.swift in Sources */ = {isa = PBXBuildFile; fileRef = 01D0669E1CC63347001863DA /* MainViewController.swift */; };
		01D066A21CC63347001863DA /* Main.storyboard in Resources */ = {isa = PBXBuildFile; fileRef = 01D066A01CC63347001863DA /* Main.storyboard */; };
		01D066A41CC63347001863DA /* Assets.xcassets in Resources */ = {isa = PBXBuildFile; fileRef = 01D066A31CC63347001863DA /* Assets.xcassets */; };
		01D066A71CC63347001863DA /* LaunchScreen.storyboard in Resources */ = {isa = PBXBuildFile; fileRef = 01D066A51CC63347001863DA /* LaunchScreen.storyboard */; };
		01D066B31CC63579001863DA /* NoiseController.swift in Sources */ = {isa = PBXBuildFile; fileRef = 01D066B21CC63579001863DA /* NoiseController.swift */; };
		01D066C11CC65A90001863DA /* NoiseManager.swift in Sources */ = {isa = PBXBuildFile; fileRef = 01D066C01CC65A90001863DA /* NoiseManager.swift */; };
		01D066C31CC65EA2001863DA /* NoiseOperation.swift in Sources */ = {isa = PBXBuildFile; fileRef = 01D066C21CC65EA2001863DA /* NoiseOperation.swift */; };
		01D066C71CC7BF59001863DA /* NoiseDefaultView.swift in Sources */ = {isa = PBXBuildFile; fileRef = 01D066C61CC7BF59001863DA /* NoiseDefaultView.swift */; };
/* End PBXBuildFile section */

/* Begin PBXFileReference section */
		01101C881CCE42680095076F /* DetailViewController.swift */ = {isa = PBXFileReference; fileEncoding = 4; lastKnownFileType = sourcecode.swift; path = DetailViewController.swift; sourceTree = "<group>"; };
		01101C8A1CD0CC390095076F /* NoiseDefaultView.xib */ = {isa = PBXFileReference; fileEncoding = 4; lastKnownFileType = file.xib; path = NoiseDefaultView.xib; sourceTree = "<group>"; };
		01CCBE1C1CC8F53100B10BBA /* NoiseDefaultBluredView.xib */ = {isa = PBXFileReference; fileEncoding = 4; lastKnownFileType = file.xib; path = NoiseDefaultBluredView.xib; sourceTree = "<group>"; };
		01CCBE1F1CCA205500B10BBA /* Noise.swift */ = {isa = PBXFileReference; fileEncoding = 4; lastKnownFileType = sourcecode.swift; path = Noise.swift; sourceTree = "<group>"; };
		01D066991CC63347001863DA /* Noise.app */ = {isa = PBXFileReference; explicitFileType = wrapper.application; includeInIndex = 0; path = Noise.app; sourceTree = BUILT_PRODUCTS_DIR; };
		01D0669C1CC63347001863DA /* AppDelegate.swift */ = {isa = PBXFileReference; lastKnownFileType = sourcecode.swift; path = AppDelegate.swift; sourceTree = "<group>"; };
		01D0669E1CC63347001863DA /* MainViewController.swift */ = {isa = PBXFileReference; lastKnownFileType = sourcecode.swift; path = MainViewController.swift; sourceTree = "<group>"; };
		01D066A11CC63347001863DA /* Base */ = {isa = PBXFileReference; lastKnownFileType = file.storyboard; name = Base; path = Base.lproj/Main.storyboard; sourceTree = "<group>"; };
		01D066A31CC63347001863DA /* Assets.xcassets */ = {isa = PBXFileReference; lastKnownFileType = folder.assetcatalog; path = Assets.xcassets; sourceTree = "<group>"; };
		01D066A61CC63347001863DA /* Base */ = {isa = PBXFileReference; lastKnownFileType = file.storyboard; name = Base; path = Base.lproj/LaunchScreen.storyboard; sourceTree = "<group>"; };
		01D066A81CC63347001863DA /* Info.plist */ = {isa = PBXFileReference; lastKnownFileType = text.plist.xml; path = Info.plist; sourceTree = "<group>"; };
		01D066B21CC63579001863DA /* NoiseController.swift */ = {isa = PBXFileReference; fileEncoding = 4; lastKnownFileType = sourcecode.swift; path = NoiseController.swift; sourceTree = "<group>"; };
		01D066C01CC65A90001863DA /* NoiseManager.swift */ = {isa = PBXFileReference; fileEncoding = 4; lastKnownFileType = sourcecode.swift; path = NoiseManager.swift; sourceTree = "<group>"; };
		01D066C21CC65EA2001863DA /* NoiseOperation.swift */ = {isa = PBXFileReference; fileEncoding = 4; lastKnownFileType = sourcecode.swift; path = NoiseOperation.swift; sourceTree = "<group>"; };
		01D066C61CC7BF59001863DA /* NoiseDefaultView.swift */ = {isa = PBXFileReference; fileEncoding = 4; lastKnownFileType = sourcecode.swift; path = NoiseDefaultView.swift; sourceTree = "<group>"; };
/* End PBXFileReference section */

/* Begin PBXFrameworksBuildPhase section */
		01D066961CC63347001863DA /* Frameworks */ = {
			isa = PBXFrameworksBuildPhase;
			buildActionMask = 2147483647;
			files = (
			);
			runOnlyForDeploymentPostprocessing = 0;
		};
/* End PBXFrameworksBuildPhase section */

/* Begin PBXGroup section */
		01101C871CCE424D0095076F /* ViewControllers */ = {
			isa = PBXGroup;
			children = (
				01101C881CCE42680095076F /* DetailViewController.swift */,
				01D0669E1CC63347001863DA /* MainViewController.swift */,
			);
			path = ViewControllers;
			sourceTree = "<group>";
		};
		01CCBE1E1CCA203C00B10BBA /* Controller */ = {
			isa = PBXGroup;
			children = (
				01D066B21CC63579001863DA /* NoiseController.swift */,
			);
			path = Controller;
			sourceTree = "<group>";
		};
		01D066901CC63347001863DA = {
			isa = PBXGroup;
			children = (
				01D0669B1CC63347001863DA /* Noise */,
				01D0669A1CC63347001863DA /* Products */,
			);
			sourceTree = "<group>";
		};
		01D0669A1CC63347001863DA /* Products */ = {
			isa = PBXGroup;
			children = (
				01D066991CC63347001863DA /* Noise.app */,
			);
			name = Products;
			sourceTree = "<group>";
		};
		01D0669B1CC63347001863DA /* Noise */ = {
			isa = PBXGroup;
			children = (
				01D066AE1CC63366001863DA /* Sources */,
				01D066AF1CC63375001863DA /* Resources */,
			);
			path = Noise;
			sourceTree = "<group>";
		};
		01D066AE1CC63366001863DA /* Sources */ = {
			isa = PBXGroup;
			children = (
				01D066B11CC6355C001863DA /* Noise */,
				01101C871CCE424D0095076F /* ViewControllers */,
				01D0669C1CC63347001863DA /* AppDelegate.swift */,
			);
			path = Sources;
			sourceTree = "<group>";
		};
		01D066AF1CC63375001863DA /* Resources */ = {
			isa = PBXGroup;
			children = (
				01D066B01CC633A1001863DA /* nibs */,
				01D066A31CC63347001863DA /* Assets.xcassets */,
				01D066A81CC63347001863DA /* Info.plist */,
			);
			path = Resources;
			sourceTree = "<group>";
		};
		01D066B01CC633A1001863DA /* nibs */ = {
			isa = PBXGroup;
			children = (
				01D066A01CC63347001863DA /* Main.storyboard */,
				01D066A51CC63347001863DA /* LaunchScreen.storyboard */,
			);
			path = nibs;
			sourceTree = "<group>";
		};
		01D066B11CC6355C001863DA /* Noise */ = {
			isa = PBXGroup;
			children = (
				01CCBE1E1CCA203C00B10BBA /* Controller */,
				01D066C51CC7BF3D001863DA /* View */,
				01D066BF1CC65A75001863DA /* Manager */,
				01CCBE1F1CCA205500B10BBA /* Noise.swift */,
			);
			path = Noise;
			sourceTree = "<group>";
		};
		01D066BF1CC65A75001863DA /* Manager */ = {
			isa = PBXGroup;
			children = (
				01D066C01CC65A90001863DA /* NoiseManager.swift */,
				01D066C21CC65EA2001863DA /* NoiseOperation.swift */,
			);
			path = Manager;
			sourceTree = "<group>";
		};
		01D066C51CC7BF3D001863DA /* View */ = {
			isa = PBXGroup;
			children = (
				01D066C61CC7BF59001863DA /* NoiseDefaultView.swift */,
				01CCBE1C1CC8F53100B10BBA /* NoiseDefaultBluredView.xib */,
				01101C8A1CD0CC390095076F /* NoiseDefaultView.xib */,
			);
			path = View;
			sourceTree = "<group>";
		};
/* End PBXGroup section */

/* Begin PBXNativeTarget section */
		01D066981CC63347001863DA /* Noise */ = {
			isa = PBXNativeTarget;
			buildConfigurationList = 01D066AB1CC63347001863DA /* Build configuration list for PBXNativeTarget "Noise" */;
			buildPhases = (
				01D066951CC63347001863DA /* Sources */,
				01D066961CC63347001863DA /* Frameworks */,
				01D066971CC63347001863DA /* Resources */,
			);
			buildRules = (
			);
			dependencies = (
			);
			name = Noise;
			productName = Noise;
			productReference = 01D066991CC63347001863DA /* Noise.app */;
			productType = "com.apple.product-type.application";
		};
/* End PBXNativeTarget section */

/* Begin PBXProject section */
		01D066911CC63347001863DA /* Project object */ = {
			isa = PBXProject;
			attributes = {
				LastSwiftUpdateCheck = 0730;
				LastUpgradeCheck = 0730;
				ORGANIZATIONNAME = spromicky;
				TargetAttributes = {
					01D066981CC63347001863DA = {
						CreatedOnToolsVersion = 7.3;
					};
				};
			};
			buildConfigurationList = 01D066941CC63347001863DA /* Build configuration list for PBXProject "Noise" */;
			compatibilityVersion = "Xcode 3.2";
			developmentRegion = English;
			hasScannedForEncodings = 0;
			knownRegions = (
				en,
				Base,
			);
			mainGroup = 01D066901CC63347001863DA;
			productRefGroup = 01D0669A1CC63347001863DA /* Products */;
			projectDirPath = "";
			projectRoot = "";
			targets = (
				01D066981CC63347001863DA /* Noise */,
			);
		};
/* End PBXProject section */

/* Begin PBXResourcesBuildPhase section */
		01D066971CC63347001863DA /* Resources */ = {
			isa = PBXResourcesBuildPhase;
			buildActionMask = 2147483647;
			files = (
				01CCBE1D1CC8F53100B10BBA /* NoiseDefaultBluredView.xib in Resources */,
				01D066A71CC63347001863DA /* LaunchScreen.storyboard in Resources */,
				01D066A41CC63347001863DA /* Assets.xcassets in Resources */,
				01101C8B1CD0CC390095076F /* NoiseDefaultView.xib in Resources */,
				01D066A21CC63347001863DA /* Main.storyboard in Resources */,
			);
			runOnlyForDeploymentPostprocessing = 0;
		};
/* End PBXResourcesBuildPhase section */

/* Begin PBXSourcesBuildPhase section */
		01D066951CC63347001863DA /* Sources */ = {
			isa = PBXSourcesBuildPhase;
			buildActionMask = 2147483647;
			files = (
				01CCBE201CCA205500B10BBA /* Noise.swift in Sources */,
				01D066C71CC7BF59001863DA /* NoiseDefaultView.swift in Sources */,
				01D066B31CC63579001863DA /* NoiseController.swift in Sources */,
				01D0669F1CC63347001863DA /* MainViewController.swift in Sources */,
				01D066C11CC65A90001863DA /* NoiseManager.swift in Sources */,
				01D066C31CC65EA2001863DA /* NoiseOperation.swift in Sources */,
				01D0669D1CC63347001863DA /* AppDelegate.swift in Sources */,
				01101C891CCE42680095076F /* DetailViewController.swift in Sources */,
			);
			runOnlyForDeploymentPostprocessing = 0;
		};
/* End PBXSourcesBuildPhase section */

/* Begin PBXVariantGroup section */
		01D066A01CC63347001863DA /* Main.storyboard */ = {
			isa = PBXVariantGroup;
			children = (
				01D066A11CC63347001863DA /* Base */,
			);
			name = Main.storyboard;
			path = .;
			sourceTree = "<group>";
		};
		01D066A51CC63347001863DA /* LaunchScreen.storyboard */ = {
			isa = PBXVariantGroup;
			children = (
				01D066A61CC63347001863DA /* Base */,
			);
			name = LaunchScreen.storyboard;
			path = .;
			sourceTree = "<group>";
		};
/* End PBXVariantGroup section */

/* Begin XCBuildConfiguration section */
		01D066A91CC63347001863DA /* Debug */ = {
			isa = XCBuildConfiguration;
			buildSettings = {
				ALWAYS_SEARCH_USER_PATHS = NO;
				CLANG_ANALYZER_NONNULL = YES;
				CLANG_CXX_LANGUAGE_STANDARD = "gnu++0x";
				CLANG_CXX_LIBRARY = "libc++";
				CLANG_ENABLE_MODULES = YES;
				CLANG_ENABLE_OBJC_ARC = YES;
				CLANG_WARN_BOOL_CONVERSION = YES;
				CLANG_WARN_CONSTANT_CONVERSION = YES;
				CLANG_WARN_DIRECT_OBJC_ISA_USAGE = YES_ERROR;
				CLANG_WARN_EMPTY_BODY = YES;
				CLANG_WARN_ENUM_CONVERSION = YES;
				CLANG_WARN_INT_CONVERSION = YES;
				CLANG_WARN_OBJC_ROOT_CLASS = YES_ERROR;
				CLANG_WARN_UNREACHABLE_CODE = YES;
				CLANG_WARN__DUPLICATE_METHOD_MATCH = YES;
				"CODE_SIGN_IDENTITY[sdk=iphoneos*]" = "iPhone Developer";
				COPY_PHASE_STRIP = NO;
				DEBUG_INFORMATION_FORMAT = dwarf;
				ENABLE_STRICT_OBJC_MSGSEND = YES;
				ENABLE_TESTABILITY = YES;
				GCC_C_LANGUAGE_STANDARD = gnu99;
				GCC_DYNAMIC_NO_PIC = NO;
				GCC_NO_COMMON_BLOCKS = YES;
				GCC_OPTIMIZATION_LEVEL = 0;
				GCC_PREPROCESSOR_DEFINITIONS = (
					"DEBUG=1",
					"$(inherited)",
				);
				GCC_WARN_64_TO_32_BIT_CONVERSION = YES;
				GCC_WARN_ABOUT_RETURN_TYPE = YES_ERROR;
				GCC_WARN_UNDECLARED_SELECTOR = YES;
				GCC_WARN_UNINITIALIZED_AUTOS = YES_AGGRESSIVE;
				GCC_WARN_UNUSED_FUNCTION = YES;
				GCC_WARN_UNUSED_VARIABLE = YES;
				IPHONEOS_DEPLOYMENT_TARGET = 9.3;
				MTL_ENABLE_DEBUG_INFO = YES;
				ONLY_ACTIVE_ARCH = YES;
				SDKROOT = iphoneos;
				SWIFT_OPTIMIZATION_LEVEL = "-Onone";
				TARGETED_DEVICE_FAMILY = "1,2";
			};
			name = Debug;
		};
		01D066AA1CC63347001863DA /* Release */ = {
			isa = XCBuildConfiguration;
			buildSettings = {
				ALWAYS_SEARCH_USER_PATHS = NO;
				CLANG_ANALYZER_NONNULL = YES;
				CLANG_CXX_LANGUAGE_STANDARD = "gnu++0x";
				CLANG_CXX_LIBRARY = "libc++";
				CLANG_ENABLE_MODULES = YES;
				CLANG_ENABLE_OBJC_ARC = YES;
				CLANG_WARN_BOOL_CONVERSION = YES;
				CLANG_WARN_CONSTANT_CONVERSION = YES;
				CLANG_WARN_DIRECT_OBJC_ISA_USAGE = YES_ERROR;
				CLANG_WARN_EMPTY_BODY = YES;
				CLANG_WARN_ENUM_CONVERSION = YES;
				CLANG_WARN_INT_CONVERSION = YES;
				CLANG_WARN_OBJC_ROOT_CLASS = YES_ERROR;
				CLANG_WARN_UNREACHABLE_CODE = YES;
				CLANG_WARN__DUPLICATE_METHOD_MATCH = YES;
				"CODE_SIGN_IDENTITY[sdk=iphoneos*]" = "iPhone Developer";
				COPY_PHASE_STRIP = NO;
				DEBUG_INFORMATION_FORMAT = "dwarf-with-dsym";
				ENABLE_NS_ASSERTIONS = NO;
				ENABLE_STRICT_OBJC_MSGSEND = YES;
				GCC_C_LANGUAGE_STANDARD = gnu99;
				GCC_NO_COMMON_BLOCKS = YES;
				GCC_WARN_64_TO_32_BIT_CONVERSION = YES;
				GCC_WARN_ABOUT_RETURN_TYPE = YES_ERROR;
				GCC_WARN_UNDECLARED_SELECTOR = YES;
				GCC_WARN_UNINITIALIZED_AUTOS = YES_AGGRESSIVE;
				GCC_WARN_UNUSED_FUNCTION = YES;
				GCC_WARN_UNUSED_VARIABLE = YES;
				IPHONEOS_DEPLOYMENT_TARGET = 9.3;
				MTL_ENABLE_DEBUG_INFO = NO;
				SDKROOT = iphoneos;
				TARGETED_DEVICE_FAMILY = "1,2";
				VALIDATE_PRODUCT = YES;
			};
			name = Release;
		};
		01D066AC1CC63347001863DA /* Debug */ = {
			isa = XCBuildConfiguration;
			buildSettings = {
				ASSETCATALOG_COMPILER_APPICON_NAME = AppIcon;
				INFOPLIST_FILE = Noise/Resources/Info.plist;
				IPHONEOS_DEPLOYMENT_TARGET = 8.0;
				LD_RUNPATH_SEARCH_PATHS = "$(inherited) @executable_path/Frameworks";
				PRODUCT_BUNDLE_IDENTIFIER = com.spromicky.Noise;
				PRODUCT_NAME = Noise;
			};
			name = Debug;
		};
		01D066AD1CC63347001863DA /* Release */ = {
			isa = XCBuildConfiguration;
			buildSettings = {
				ASSETCATALOG_COMPILER_APPICON_NAME = AppIcon;
				INFOPLIST_FILE = Noise/Resources/Info.plist;
				IPHONEOS_DEPLOYMENT_TARGET = 8.0;
				LD_RUNPATH_SEARCH_PATHS = "$(inherited) @executable_path/Frameworks";
				PRODUCT_BUNDLE_IDENTIFIER = com.spromicky.Noise;
				PRODUCT_NAME = Noise;
			};
			name = Release;
		};
/* End XCBuildConfiguration section */

/* Begin XCConfigurationList section */
		01D066941CC63347001863DA /* Build configuration list for PBXProject "Noise" */ = {
			isa = XCConfigurationList;
			buildConfigurations = (
				01D066A91CC63347001863DA /* Debug */,
				01D066AA1CC63347001863DA /* Release */,
			);
			defaultConfigurationIsVisible = 0;
			defaultConfigurationName = Release;
		};
		01D066AB1CC63347001863DA /* Build configuration list for PBXNativeTarget "Noise" */ = {
			isa = XCConfigurationList;
			buildConfigurations = (
				01D066AC1CC63347001863DA /* Debug */,
				01D066AD1CC63347001863DA /* Release */,
			);
			defaultConfigurationIsVisible = 0;
			defaultConfigurationName = Release;
		};
/* End XCConfigurationList section */
	};
	rootObject = 01D066911CC63347001863DA /* Project object */;
}
